{
  "nodes": {
    "argumentsCLI": {
      "flake": false,
      "locked": {
        "narHash": "sha256-d6xi4mKdjkX2JFicDIv5niSzpyI0m/Hnm8GGAIU04kY=",
        "type": "file",
        "url": "file:///dev/null"
      },
      "original": {
        "type": "file",
        "url": "file:///dev/null"
      }
    },
    "blobs": {
      "flake": false,
      "locked": {
        "lastModified": 1604995301,
        "narHash": "sha256-wcLzgLec6SGJA8fx1OEN1yV/Py5b+U5iyYpksUY/yLw=",
        "owner": "simple-nixos-mailserver",
        "repo": "blobs",
        "rev": "2cccdf1ca48316f2cfd1c9a0017e8de5a7156265",
        "type": "gitlab"
      },
      "original": {
        "owner": "simple-nixos-mailserver",
        "repo": "blobs",
        "type": "gitlab"
      }
    },
    "disko": {
      "inputs": {
        "nixpkgs": "nixpkgs"
      },
      "locked": {
        "lastModified": 1740485968,
        "narHash": "sha256-WK+PZHbfDjLyveXAxpnrfagiFgZWaTJglewBWniTn2Y=",
        "owner": "nix-community",
        "repo": "disko",
        "rev": "19c1140419c4f1cdf88ad4c1cfb6605597628940",
        "type": "github"
      },
      "original": {
        "owner": "nix-community",
        "repo": "disko",
        "type": "github"
      }
    },
    "flake-compat": {
      "flake": false,
      "locked": {
        "lastModified": 1696426674,
        "narHash": "sha256-kvjfFW7WAETZlt09AgDn1MrtKzP7t90Vf7vypd3OL1U=",
        "owner": "edolstra",
        "repo": "flake-compat",
        "rev": "0f9255e01c2351cc7d116c072cb317785dd33b33",
        "type": "github"
      },
      "original": {
        "owner": "edolstra",
        "repo": "flake-compat",
        "type": "github"
      }
    },
    "home-manager": {
      "inputs": {
        "nixpkgs": [
          "nixpkgs"
        ]
      },
      "locked": {
        "lastModified": 1741579508,
        "narHash": "sha256-skRbH+UF2ES+msEa+KWi7AQFX73S+QsGlPsyCU6XyE0=",
        "owner": "nix-community",
        "repo": "home-manager",
        "rev": "744f749dd6fbc1489591ea370b95156858629cb9",
        "type": "github"
      },
      "original": {
        "owner": "nix-community",
        "repo": "home-manager",
        "type": "github"
      }
    },
    "mailserver": {
      "inputs": {
        "blobs": "blobs",
        "flake-compat": "flake-compat",
        "nixpkgs": "nixpkgs_2",
        "nixpkgs-24_11": "nixpkgs-24_11"
      },
      "locked": {
        "lastModified": 1740437053,
        "narHash": "sha256-exPTta4qI1ka9sk+jPcLogGffJ1OVXnAsTRqpeAXeNw=",
        "owner": "simple-nixos-mailserver",
        "repo": "nixos-mailserver",
        "rev": "c8ec4d5e432f5df4838eacd39c11828d23ce66ec",
        "type": "gitlab"
      },
      "original": {
        "owner": "simple-nixos-mailserver",
        "repo": "nixos-mailserver",
        "type": "gitlab"
      }
    },
    "nixpkgs": {
      "locked": {
        "lastModified": 1738136902,
        "narHash": "sha256-pUvLijVGARw4u793APze3j6mU1Zwdtz7hGkGGkD87qw=",
        "owner": "NixOS",
        "repo": "nixpkgs",
        "rev": "9a5db3142ce450045840cc8d832b13b8a2018e0c",
        "type": "github"
      },
      "original": {
        "owner": "NixOS",
        "ref": "nixpkgs-unstable",
        "repo": "nixpkgs",
        "type": "github"
      }
    },
    "nixpkgs-24_11": {
      "locked": {
        "lastModified": 1734083684,
        "narHash": "sha256-5fNndbndxSx5d+C/D0p/VF32xDiJCJzyOqorOYW4JEo=",
        "owner": "NixOS",
        "repo": "nixpkgs",
        "rev": "314e12ba369ccdb9b352a4db26ff419f7c49fa84",
        "type": "github"
      },
      "original": {
        "id": "nixpkgs",
        "ref": "nixos-24.11",
        "type": "indirect"
      }
    },
    "nixpkgs_2": {
      "locked": {
        "lastModified": 1732014248,
        "narHash": "sha256-y/MEyuJ5oBWrWAic/14LaIr/u5E0wRVzyYsouYY3W6w=",
        "owner": "NixOS",
        "repo": "nixpkgs",
        "rev": "23e89b7da85c3640bbc2173fe04f4bd114342367",
        "type": "github"
      },
      "original": {
        "id": "nixpkgs",
        "ref": "nixos-unstable",
        "type": "indirect"
      }
    },
    "nixpkgs_3": {
      "locked": {
        "lastModified": 1741379970,
        "narHash": "sha256-Wh7esNh7G24qYleLvgOSY/7HlDUzWaL/n4qzlBePpiw=",
        "owner": "nixos",
        "repo": "nixpkgs",
        "rev": "36fd87baa9083f34f7f5027900b62ee6d09b1f2f",
        "type": "github"
      },
      "original": {
        "owner": "nixos",
        "ref": "nixos-unstable",
        "repo": "nixpkgs",
        "type": "github"
      }
    },
    "root": {
      "inputs": {
        "argumentsCLI": "argumentsCLI",
        "disko": "disko",
        "home-manager": "home-manager",
        "mailserver": "mailserver",
        "nixpkgs": "nixpkgs_3"
      }
    }
  },
  "root": "root",
  "version": 7
}
